// !$*UTF8*$!
{
	archiveVersion = 1;
	classes = {
	};
	objectVersion = 46;
	objects = {

/* Begin PBXBuildFile section */
		2207BD0B1F98422800C882B8 /* AppDelegate.swift in Sources */ = {isa = PBXBuildFile; fileRef = 2207BD0A1F98422800C882B8 /* AppDelegate.swift */; };
		2207BD0D1F98422800C882B8 /* ViewController.swift in Sources */ = {isa = PBXBuildFile; fileRef = 2207BD0C1F98422800C882B8 /* ViewController.swift */; };
		2207BD101F98422800C882B8 /* Main.storyboard in Resources */ = {isa = PBXBuildFile; fileRef = 2207BD0E1F98422800C882B8 /* Main.storyboard */; };
		2207BD121F98422900C882B8 /* Assets.xcassets in Resources */ = {isa = PBXBuildFile; fileRef = 2207BD111F98422900C882B8 /* Assets.xcassets */; };
		2207BD151F98422900C882B8 /* LaunchScreen.storyboard in Resources */ = {isa = PBXBuildFile; fileRef = 2207BD131F98422900C882B8 /* LaunchScreen.storyboard */; };
		2207BD1D1F98539F00C882B8 /* Scene2ViewController.swift in Sources */ = {isa = PBXBuildFile; fileRef = 2207BD1C1F98539F00C882B8 /* Scene2ViewController.swift */; };
		2207BD1F1F985D0200C882B8 /* Item.swift in Sources */ = {isa = PBXBuildFile; fileRef = 2207BD1E1F985D0200C882B8 /* Item.swift */; };
/* End PBXBuildFile section */

/* Begin PBXFileReference section */
		2207BD071F98422800C882B8 /* lab4.app */ = {isa = PBXFileReference; explicitFileType = wrapper.application; includeInIndex = 0; path = lab4.app; sourceTree = BUILT_PRODUCTS_DIR; };
		2207BD0A1F98422800C882B8 /* AppDelegate.swift */ = {isa = PBXFileReference; lastKnownFileType = sourcecode.swift; path = AppDelegate.swift; sourceTree = "<group>"; };
		2207BD0C1F98422800C882B8 /* ViewController.swift */ = {isa = PBXFileReference; lastKnownFileType = sourcecode.swift; path = ViewController.swift; sourceTree = "<group>"; };
		2207BD0F1F98422800C882B8 /* Base */ = {isa = PBXFileReference; lastKnownFileType = file.storyboard; name = Base; path = Base.lproj/Main.storyboard; sourceTree = "<group>"; };
		2207BD111F98422900C882B8 /* Assets.xcassets */ = {isa = PBXFileReference; lastKnownFileType = folder.assetcatalog; path = Assets.xcassets; sourceTree = "<group>"; };
		2207BD141F98422900C882B8 /* Base */ = {isa = PBXFileReference; lastKnownFileType = file.storyboard; name = Base; path = Base.lproj/LaunchScreen.storyboard; sourceTree = "<group>"; };
		2207BD161F98422900C882B8 /* Info.plist */ = {isa = PBXFileReference; lastKnownFileType = text.plist.xml; path = Info.plist; sourceTree = "<group>"; };
		2207BD1C1F98539F00C882B8 /* Scene2ViewController.swift */ = {isa = PBXFileReference; fileEncoding = 4; lastKnownFileType = sourcecode.swift; path = Scene2ViewController.swift; sourceTree = "<group>"; };
		2207BD1E1F985D0200C882B8 /* Item.swift */ = {isa = PBXFileReference; fileEncoding = 4; lastKnownFileType = sourcecode.swift; path = Item.swift; sourceTree = "<group>"; };
/* End PBXFileReference section */

/* Begin PBXFrameworksBuildPhase section */
		2207BD041F98422800C882B8 /* Frameworks */ = {
			isa = PBXFrameworksBuildPhase;
			buildActionMask = 2147483647;
			files = (
			);
			runOnlyForDeploymentPostprocessing = 0;
		};
/* End PBXFrameworksBuildPhase section */

/* Begin PBXGroup section */
		2207BCFE1F98422800C882B8 = {
			isa = PBXGroup;
			children = (
				2207BD091F98422800C882B8 /* lab4 */,
				2207BD081F98422800C882B8 /* Products */,
			);
			sourceTree = "<group>";
		};
		2207BD081F98422800C882B8 /* Products */ = {
			isa = PBXGroup;
			children = (
				2207BD071F98422800C882B8 /* lab4.app */,
			);
			name = Products;
			sourceTree = "<group>";
		};
		2207BD091F98422800C882B8 /* lab4 */ = {
			isa = PBXGroup;
			children = (
				2207BD0A1F98422800C882B8 /* AppDelegate.swift */,
				2207BD0C1F98422800C882B8 /* ViewController.swift */,
				2207BD1C1F98539F00C882B8 /* Scene2ViewController.swift */,
				2207BD0E1F98422800C882B8 /* Main.storyboard */,
				2207BD1E1F985D0200C882B8 /* Item.swift */,
				2207BD111F98422900C882B8 /* Assets.xcassets */,
				2207BD131F98422900C882B8 /* LaunchScreen.storyboard */,
				2207BD161F98422900C882B8 /* Info.plist */,
			);
			path = lab4;
			sourceTree = "<group>";
		};
/* End PBXGroup section */

/* Begin PBXNativeTarget section */
		2207BD061F98422800C882B8 /* lab4 */ = {
			isa = PBXNativeTarget;
			buildConfigurationList = 2207BD191F98422900C882B8 /* Build configuration list for PBXNativeTarget "lab4" */;
			buildPhases = (
				2207BD031F98422800C882B8 /* Sources */,
				2207BD041F98422800C882B8 /* Frameworks */,
				2207BD051F98422800C882B8 /* Resources */,
			);
			buildRules = (
			);
			dependencies = (
			);
			name = lab4;
			productName = lab4;
			productReference = 2207BD071F98422800C882B8 /* lab4.app */;
			productType = "com.apple.product-type.application";
		};
/* End PBXNativeTarget section */

/* Begin PBXProject section */
		2207BCFF1F98422800C882B8 /* Project object */ = {
			isa = PBXProject;
			attributes = {
				LastSwiftUpdateCheck = 0830;
				LastUpgradeCheck = 0830;
				ORGANIZATIONNAME = "Sam Henry";
				TargetAttributes = {
					2207BD061F98422800C882B8 = {
						CreatedOnToolsVersion = 8.3.3;
						DevelopmentTeam = 64ZFR3XB85;
						ProvisioningStyle = Automatic;
					};
				};
			};
			buildConfigurationList = 2207BD021F98422800C882B8 /* Build configuration list for PBXProject "lab4" */;
			compatibilityVersion = "Xcode 3.2";
			developmentRegion = English;
			hasScannedForEncodings = 0;
			knownRegions = (
				en,
				Base,
			);
			mainGroup = 2207BCFE1F98422800C882B8;
			productRefGroup = 2207BD081F98422800C882B8 /* Products */;
			projectDirPath = "";
			projectRoot = "";
			targets = (
				2207BD061F98422800C882B8 /* lab4 */,
			);
		};
/* End PBXProject section */

/* Begin PBXResourcesBuildPhase section */
		2207BD051F98422800C882B8 /* Resources */ = {
			isa = PBXResourcesBuildPhase;
			buildActionMask = 2147483647;
			files = (
				2207BD151F98422900C882B8 /* LaunchScreen.storyboard in Resources */,
				2207BD121F98422900C882B8 /* Assets.xcassets in Resources */,
				2207BD101F98422800C882B8 /* Main.storyboard in Resources */,
			);
			runOnlyForDeploymentPostprocessing = 0;
		};
/* End PBXResourcesBuildPhase section */

/* Begin PBXSourcesBuildPhase section */
		2207BD031F98422800C882B8 /* Sources */ = {
			isa = PBXSourcesBuildPhase;
			buildActionMask = 2147483647;
			files = (
				2207BD1F1F985D0200C882B8 /* Item.swift in Sources */,
				2207BD0D1F98422800C882B8 /* ViewController.swift in Sources */,
				2207BD0B1F98422800C882B8 /* AppDelegate.swift in Sources */,
				2207BD1D1F98539F00C882B8 /* Scene2ViewController.swift in Sources */,
			);
			runOnlyForDeploymentPostprocessing = 0;
		};
/* End PBXSourcesBuildPhase section */

/* Begin PBXVariantGroup section */
		2207BD0E1F98422800C882B8 /* Main.storyboard */ = {
			isa = PBXVariantGroup;
			children = (
				2207BD0F1F98422800C882B8 /* Base */,
			);
			name = Main.storyboard;
			sourceTree = "<group>";
		};
		2207BD131F98422900C882B8 /* LaunchScreen.storyboard */ = {
			isa = PBXVariantGroup;
			children = (
				2207BD141F98422900C882B8 /* Base */,
			);
			name = LaunchScreen.storyboard;
			sourceTree = "<group>";
		};
/* End PBXVariantGroup section */

/* Begin XCBuildConfiguration section */
		2207BD171F98422900C882B8 /* Debug */ = {
			isa = XCBuildConfiguration;
			buildSettings = {
				ALWAYS_SEARCH_USER_PATHS = NO;
				CLANG_ANALYZER_NONNULL = YES;
				CLANG_ANALYZER_NUMBER_OBJECT_CONVERSION = YES_AGGRESSIVE;
				CLANG_CXX_LANGUAGE_STANDARD = "gnu++0x";
				CLANG_CXX_LIBRARY = "libc++";
				CLANG_ENABLE_MODULES = YES;
				CLANG_ENABLE_OBJC_ARC = YES;
				CLANG_WARN_BOOL_CONVERSION = YES;
				CLANG_WARN_CONSTANT_CONVERSION = YES;
				CLANG_WARN_DIRECT_OBJC_ISA_USAGE = YES_ERROR;
				CLANG_WARN_DOCUMENTATION_COMMENTS = YES;
				CLANG_WARN_EMPTY_BODY = YES;
				CLANG_WARN_ENUM_CONVERSION = YES;
				CLANG_WARN_INFINITE_RECURSION = YES;
				CLANG_WARN_INT_CONVERSION = YES;
				CLANG_WARN_OBJC_ROOT_CLASS = YES_ERROR;
				CLANG_WARN_SUSPICIOUS_MOVE = YES;
				CLANG_WARN_UNREACHABLE_CODE = YES;
				CLANG_WARN__DUPLICATE_METHOD_MATCH = YES;
				"CODE_SIGN_IDENTITY[sdk=iphoneos*]" = "iPhone Developer";
				COPY_PHASE_STRIP = NO;
				DEBUG_INFORMATION_FORMAT = dwarf;
				ENABLE_STRICT_OBJC_MSGSEND = YES;
				ENABLE_TESTABILITY = YES;
				GCC_C_LANGUAGE_STANDARD = gnu99;
				GCC_DYNAMIC_NO_PIC = NO;
				GCC_NO_COMMON_BLOCKS = YES;
				GCC_OPTIMIZATION_LEVEL = 0;
				GCC_PREPROCESSOR_DEFINITIONS = (
					"DEBUG=1",
					"$(inherited)",
				);
				GCC_WARN_64_TO_32_BIT_CONVERSION = YES;
				GCC_WARN_ABOUT_RETURN_TYPE = YES_ERROR;
				GCC_WARN_UNDECLARED_SELECTOR = YES;
				GCC_WARN_UNINITIALIZED_AUTOS = YES_AGGRESSIVE;
				GCC_WARN_UNUSED_FUNCTION = YES;
				GCC_WARN_UNUSED_VARIABLE = YES;
				IPHONEOS_DEPLOYMENT_TARGET = 10.3;
				MTL_ENABLE_DEBUG_INFO = YES;
				ONLY_ACTIVE_ARCH = YES;
				SDKROOT = iphoneos;
				SWIFT_ACTIVE_COMPILATION_CONDITIONS = DEBUG;
				SWIFT_OPTIMIZATION_LEVEL = "-Onone";
				TARGETED_DEVICE_FAMILY = "1,2";
			};
			name = Debug;
		};
		2207BD181F98422900C882B8 /* Release */ = {
			isa = XCBuildConfiguration;
			buildSettings = {
				ALWAYS_SEARCH_USER_PATHS = NO;
				CLANG_ANALYZER_NONNULL = YES;
				CLANG_ANALYZER_NUMBER_OBJECT_CONVERSION = YES_AGGRESSIVE;
				CLANG_CXX_LANGUAGE_STANDARD = "gnu++0x";
				CLANG_CXX_LIBRARY = "libc++";
				CLANG_ENABLE_MODULES = YES;
				CLANG_ENABLE_OBJC_ARC = YES;
				CLANG_WARN_BOOL_CONVERSION = YES;
				CLANG_WARN_CONSTANT_CONVERSION = YES;
				CLANG_WARN_DIRECT_OBJC_ISA_USAGE = YES_ERROR;
				CLANG_WARN_DOCUMENTATION_COMMENTS = YES;
				CLANG_WARN_EMPTY_BODY = YES;
				CLANG_WARN_ENUM_CONVERSION = YES;
				CLANG_WARN_INFINITE_RECURSION = YES;
				CLANG_WARN_INT_CONVERSION = YES;
				CLANG_WARN_OBJC_ROOT_CLASS = YES_ERROR;
				CLANG_WARN_SUSPICIOUS_MOVE = YES;
				CLANG_WARN_UNREACHABLE_CODE = YES;
				CLANG_WARN__DUPLICATE_METHOD_MATCH = YES;
				"CODE_SIGN_IDENTITY[sdk=iphoneos*]" = "iPhone Developer";
				COPY_PHASE_STRIP = NO;
				DEBUG_INFORMATION_FORMAT = "dwarf-with-dsym";
				ENABLE_NS_ASSERTIONS = NO;
				ENABLE_STRICT_OBJC_MSGSEND = YES;
				GCC_C_LANGUAGE_STANDARD = gnu99;
				GCC_NO_COMMON_BLOCKS = YES;
				GCC_WARN_64_TO_32_BIT_CONVERSION = YES;
				GCC_WARN_ABOUT_RETURN_TYPE = YES_ERROR;
				GCC_WARN_UNDECLARED_SELECTOR = YES;
				GCC_WARN_UNINITIALIZED_AUTOS = YES_AGGRESSIVE;
				GCC_WARN_UNUSED_FUNCTION = YES;
				GCC_WARN_UNUSED_VARIABLE = YES;
				IPHONEOS_DEPLOYMENT_TARGET = 10.3;
				MTL_ENABLE_DEBUG_INFO = NO;
				SDKROOT = iphoneos;
				SWIFT_OPTIMIZATION_LEVEL = "-Owholemodule";
				TARGETED_DEVICE_FAMILY = "1,2";
				VALIDATE_PRODUCT = YES;
			};
			name = Release;
		};
		2207BD1A1F98422900C882B8 /* Debug */ = {
			isa = XCBuildConfiguration;
			buildSettings = {
				ASSETCATALOG_COMPILER_APPICON_NAME = AppIcon;
				DEVELOPMENT_TEAM = 64ZFR3XB85;
				INFOPLIST_FILE = lab4/Info.plist;
				LD_RUNPATH_SEARCH_PATHS = "$(inherited) @executable_path/Frameworks";
				PRODUCT_BUNDLE_IDENTIFIER = ATLS3100.lab4;
				PRODUCT_NAME = "$(TARGET_NAME)";
				SWIFT_VERSION = 3.0;
			};
			name = Debug;
		};
		2207BD1B1F98422900C882B8 /* Release */ = {
			isa = XCBuildConfiguration;
			buildSettings = {
				ASSETCATALOG_COMPILER_APPICON_NAME = AppIcon;
				DEVELOPMENT_TEAM = 64ZFR3XB85;
				INFOPLIST_FILE = lab4/Info.plist;
				LD_RUNPATH_SEARCH_PATHS = "$(inherited) @executable_path/Frameworks";
				PRODUCT_BUNDLE_IDENTIFIER = ATLS3100.lab4;
				PRODUCT_NAME = "$(TARGET_NAME)";
				SWIFT_VERSION = 3.0;
			};
			name = Release;
		};
/* End XCBuildConfiguration section */

/* Begin XCConfigurationList section */
		2207BD021F98422800C882B8 /* Build configuration list for PBXProject "lab4" */ = {
			isa = XCConfigurationList;
			buildConfigurations = (
				2207BD171F98422900C882B8 /* Debug */,
				2207BD181F98422900C882B8 /* Release */,
			);
			defaultConfigurationIsVisible = 0;
			defaultConfigurationName = Release;
		};
		2207BD191F98422900C882B8 /* Build configuration list for PBXNativeTarget "lab4" */ = {
			isa = XCConfigurationList;
			buildConfigurations = (
				2207BD1A1F98422900C882B8 /* Debug */,
				2207BD1B1F98422900C882B8 /* Release */,
			);
			defaultConfigurationIsVisible = 0;
		};
/* End XCConfigurationList section */
	};
	rootObject = 2207BCFF1F98422800C882B8 /* Project object */;
}
