// !$*UTF8*$!
{
	archiveVersion = 1;
	classes = {
	};
	objectVersion = 48;
	objects = {

/* Begin PBXBuildFile section */
		2260BE722044DCB500C23442 /* AppDelegate.swift in Sources */ = {isa = PBXBuildFile; fileRef = 2260BE712044DCB500C23442 /* AppDelegate.swift */; };
		2260BE772044DCB500C23442 /* Main.storyboard in Resources */ = {isa = PBXBuildFile; fileRef = 2260BE752044DCB500C23442 /* Main.storyboard */; };
		2260BE792044DCB500C23442 /* Assets.xcassets in Resources */ = {isa = PBXBuildFile; fileRef = 2260BE782044DCB500C23442 /* Assets.xcassets */; };
		2260BE7C2044DCB500C23442 /* LaunchScreen.storyboard in Resources */ = {isa = PBXBuildFile; fileRef = 2260BE7A2044DCB500C23442 /* LaunchScreen.storyboard */; };
		2260BE842044DD1A00C23442 /* CollectionViewController.swift in Sources */ = {isa = PBXBuildFile; fileRef = 2260BE832044DD1A00C23442 /* CollectionViewController.swift */; };
		2260BE862044DDAD00C23442 /* CollectionViewCell.swift in Sources */ = {isa = PBXBuildFile; fileRef = 2260BE852044DDAD00C23442 /* CollectionViewCell.swift */; };
		2260BE8A204525AC00C23442 /* CollectionSupplementaryView.swift in Sources */ = {isa = PBXBuildFile; fileRef = 2260BE89204525AC00C23442 /* CollectionSupplementaryView.swift */; };
		2260BE8C20452B2000C23442 /* DetailViewController.swift in Sources */ = {isa = PBXBuildFile; fileRef = 2260BE8B20452B2000C23442 /* DetailViewController.swift */; };
/* End PBXBuildFile section */

/* Begin PBXFileReference section */
		2260BE6E2044DCB500C23442 /* imageGallery.app */ = {isa = PBXFileReference; explicitFileType = wrapper.application; includeInIndex = 0; path = imageGallery.app; sourceTree = BUILT_PRODUCTS_DIR; };
		2260BE712044DCB500C23442 /* AppDelegate.swift */ = {isa = PBXFileReference; lastKnownFileType = sourcecode.swift; path = AppDelegate.swift; sourceTree = "<group>"; };
		2260BE762044DCB500C23442 /* Base */ = {isa = PBXFileReference; lastKnownFileType = file.storyboard; name = Base; path = Base.lproj/Main.storyboard; sourceTree = "<group>"; };
		2260BE782044DCB500C23442 /* Assets.xcassets */ = {isa = PBXFileReference; lastKnownFileType = folder.assetcatalog; path = Assets.xcassets; sourceTree = "<group>"; };
		2260BE7B2044DCB500C23442 /* Base */ = {isa = PBXFileReference; lastKnownFileType = file.storyboard; name = Base; path = Base.lproj/LaunchScreen.storyboard; sourceTree = "<group>"; };
		2260BE7D2044DCB500C23442 /* Info.plist */ = {isa = PBXFileReference; lastKnownFileType = text.plist.xml; path = Info.plist; sourceTree = "<group>"; };
		2260BE832044DD1A00C23442 /* CollectionViewController.swift */ = {isa = PBXFileReference; lastKnownFileType = sourcecode.swift; path = CollectionViewController.swift; sourceTree = "<group>"; };
		2260BE852044DDAD00C23442 /* CollectionViewCell.swift */ = {isa = PBXFileReference; lastKnownFileType = sourcecode.swift; path = CollectionViewCell.swift; sourceTree = "<group>"; };
		2260BE89204525AC00C23442 /* CollectionSupplementaryView.swift */ = {isa = PBXFileReference; lastKnownFileType = sourcecode.swift; path = CollectionSupplementaryView.swift; sourceTree = "<group>"; };
		2260BE8B20452B2000C23442 /* DetailViewController.swift */ = {isa = PBXFileReference; lastKnownFileType = sourcecode.swift; path = DetailViewController.swift; sourceTree = "<group>"; };
/* End PBXFileReference section */

/* Begin PBXFrameworksBuildPhase section */
		2260BE6B2044DCB500C23442 /* Frameworks */ = {
			isa = PBXFrameworksBuildPhase;
			buildActionMask = 2147483647;
			files = (
			);
			runOnlyForDeploymentPostprocessing = 0;
		};
/* End PBXFrameworksBuildPhase section */

/* Begin PBXGroup section */
		2260BE652044DCB500C23442 = {
			isa = PBXGroup;
			children = (
				2260BE702044DCB500C23442 /* imageGallery */,
				2260BE6F2044DCB500C23442 /* Products */,
			);
			sourceTree = "<group>";
		};
		2260BE6F2044DCB500C23442 /* Products */ = {
			isa = PBXGroup;
			children = (
				2260BE6E2044DCB500C23442 /* imageGallery.app */,
			);
			name = Products;
			sourceTree = "<group>";
		};
		2260BE702044DCB500C23442 /* imageGallery */ = {
			isa = PBXGroup;
			children = (
				2260BE712044DCB500C23442 /* AppDelegate.swift */,
				2260BE752044DCB500C23442 /* Main.storyboard */,
				2260BE832044DD1A00C23442 /* CollectionViewController.swift */,
				2260BE852044DDAD00C23442 /* CollectionViewCell.swift */,
				2260BE8B20452B2000C23442 /* DetailViewController.swift */,
				2260BE89204525AC00C23442 /* CollectionSupplementaryView.swift */,
				2260BE782044DCB500C23442 /* Assets.xcassets */,
				2260BE7A2044DCB500C23442 /* LaunchScreen.storyboard */,
				2260BE7D2044DCB500C23442 /* Info.plist */,
			);
			path = imageGallery;
			sourceTree = "<group>";
		};
/* End PBXGroup section */

/* Begin PBXNativeTarget section */
		2260BE6D2044DCB500C23442 /* imageGallery */ = {
			isa = PBXNativeTarget;
			buildConfigurationList = 2260BE802044DCB500C23442 /* Build configuration list for PBXNativeTarget "imageGallery" */;
			buildPhases = (
				2260BE6A2044DCB500C23442 /* Sources */,
				2260BE6B2044DCB500C23442 /* Frameworks */,
				2260BE6C2044DCB500C23442 /* Resources */,
			);
			buildRules = (
			);
			dependencies = (
			);
			name = imageGallery;
			productName = imageGallery;
			productReference = 2260BE6E2044DCB500C23442 /* imageGallery.app */;
			productType = "com.apple.product-type.application";
		};
/* End PBXNativeTarget section */

/* Begin PBXProject section */
		2260BE662044DCB500C23442 /* Project object */ = {
			isa = PBXProject;
			attributes = {
				LastSwiftUpdateCheck = 0920;
				LastUpgradeCheck = 0920;
				ORGANIZATIONNAME = "Sam Henry";
				TargetAttributes = {
					2260BE6D2044DCB500C23442 = {
						CreatedOnToolsVersion = 9.2;
						ProvisioningStyle = Automatic;
					};
				};
			};
			buildConfigurationList = 2260BE692044DCB500C23442 /* Build configuration list for PBXProject "imageGallery" */;
			compatibilityVersion = "Xcode 8.0";
			developmentRegion = en;
			hasScannedForEncodings = 0;
			knownRegions = (
				en,
				Base,
			);
			mainGroup = 2260BE652044DCB500C23442;
			productRefGroup = 2260BE6F2044DCB500C23442 /* Products */;
			projectDirPath = "";
			projectRoot = "";
			targets = (
				2260BE6D2044DCB500C23442 /* imageGallery */,
			);
		};
/* End PBXProject section */

/* Begin PBXResourcesBuildPhase section */
		2260BE6C2044DCB500C23442 /* Resources */ = {
			isa = PBXResourcesBuildPhase;
			buildActionMask = 2147483647;
			files = (
				2260BE7C2044DCB500C23442 /* LaunchScreen.storyboard in Resources */,
				2260BE792044DCB500C23442 /* Assets.xcassets in Resources */,
				2260BE772044DCB500C23442 /* Main.storyboard in Resources */,
			);
			runOnlyForDeploymentPostprocessing = 0;
		};
/* End PBXResourcesBuildPhase section */

/* Begin PBXSourcesBuildPhase section */
		2260BE6A2044DCB500C23442 /* Sources */ = {
			isa = PBXSourcesBuildPhase;
			buildActionMask = 2147483647;
			files = (
				2260BE8A204525AC00C23442 /* CollectionSupplementaryView.swift in Sources */,
				2260BE842044DD1A00C23442 /* CollectionViewController.swift in Sources */,
				2260BE8C20452B2000C23442 /* DetailViewController.swift in Sources */,
				2260BE722044DCB500C23442 /* AppDelegate.swift in Sources */,
				2260BE862044DDAD00C23442 /* CollectionViewCell.swift in Sources */,
			);
			runOnlyForDeploymentPostprocessing = 0;
		};
/* End PBXSourcesBuildPhase section */

/* Begin PBXVariantGroup section */
		2260BE752044DCB500C23442 /* Main.storyboard */ = {
			isa = PBXVariantGroup;
			children = (
				2260BE762044DCB500C23442 /* Base */,
			);
			name = Main.storyboard;
			sourceTree = "<group>";
		};
		2260BE7A2044DCB500C23442 /* LaunchScreen.storyboard */ = {
			isa = PBXVariantGroup;
			children = (
				2260BE7B2044DCB500C23442 /* Base */,
			);
			name = LaunchScreen.storyboard;
			sourceTree = "<group>";
		};
/* End PBXVariantGroup section */

/* Begin XCBuildConfiguration section */
		2260BE7E2044DCB500C23442 /* Debug */ = {
			isa = XCBuildConfiguration;
			buildSettings = {
				ALWAYS_SEARCH_USER_PATHS = NO;
				CLANG_ANALYZER_NONNULL = YES;
				CLANG_ANALYZER_NUMBER_OBJECT_CONVERSION = YES_AGGRESSIVE;
				CLANG_CXX_LANGUAGE_STANDARD = "gnu++14";
				CLANG_CXX_LIBRARY = "libc++";
				CLANG_ENABLE_MODULES = YES;
				CLANG_ENABLE_OBJC_ARC = YES;
				CLANG_WARN_BLOCK_CAPTURE_AUTORELEASING = YES;
				CLANG_WARN_BOOL_CONVERSION = YES;
				CLANG_WARN_COMMA = YES;
				CLANG_WARN_CONSTANT_CONVERSION = YES;
				CLANG_WARN_DIRECT_OBJC_ISA_USAGE = YES_ERROR;
				CLANG_WARN_DOCUMENTATION_COMMENTS = YES;
				CLANG_WARN_EMPTY_BODY = YES;
				CLANG_WARN_ENUM_CONVERSION = YES;
				CLANG_WARN_INFINITE_RECURSION = YES;
				CLANG_WARN_INT_CONVERSION = YES;
				CLANG_WARN_NON_LITERAL_NULL_CONVERSION = YES;
				CLANG_WARN_OBJC_LITERAL_CONVERSION = YES;
				CLANG_WARN_OBJC_ROOT_CLASS = YES_ERROR;
				CLANG_WARN_RANGE_LOOP_ANALYSIS = YES;
				CLANG_WARN_STRICT_PROTOTYPES = YES;
				CLANG_WARN_SUSPICIOUS_MOVE = YES;
				CLANG_WARN_UNGUARDED_AVAILABILITY = YES_AGGRESSIVE;
				CLANG_WARN_UNREACHABLE_CODE = YES;
				CLANG_WARN__DUPLICATE_METHOD_MATCH = YES;
				CODE_SIGN_IDENTITY = "iPhone Developer";
				COPY_PHASE_STRIP = NO;
				DEBUG_INFORMATION_FORMAT = dwarf;
				ENABLE_STRICT_OBJC_MSGSEND = YES;
				ENABLE_TESTABILITY = YES;
				GCC_C_LANGUAGE_STANDARD = gnu11;
				GCC_DYNAMIC_NO_PIC = NO;
				GCC_NO_COMMON_BLOCKS = YES;
				GCC_OPTIMIZATION_LEVEL = 0;
				GCC_PREPROCESSOR_DEFINITIONS = (
					"DEBUG=1",
					"$(inherited)",
				);
				GCC_WARN_64_TO_32_BIT_CONVERSION = YES;
				GCC_WARN_ABOUT_RETURN_TYPE = YES_ERROR;
				GCC_WARN_UNDECLARED_SELECTOR = YES;
				GCC_WARN_UNINITIALIZED_AUTOS = YES_AGGRESSIVE;
				GCC_WARN_UNUSED_FUNCTION = YES;
				GCC_WARN_UNUSED_VARIABLE = YES;
				IPHONEOS_DEPLOYMENT_TARGET = 11.2;
				MTL_ENABLE_DEBUG_INFO = YES;
				ONLY_ACTIVE_ARCH = YES;
				SDKROOT = iphoneos;
				SWIFT_ACTIVE_COMPILATION_CONDITIONS = DEBUG;
				SWIFT_OPTIMIZATION_LEVEL = "-Onone";
			};
			name = Debug;
		};
		2260BE7F2044DCB500C23442 /* Release */ = {
			isa = XCBuildConfiguration;
			buildSettings = {
				ALWAYS_SEARCH_USER_PATHS = NO;
				CLANG_ANALYZER_NONNULL = YES;
				CLANG_ANALYZER_NUMBER_OBJECT_CONVERSION = YES_AGGRESSIVE;
				CLANG_CXX_LANGUAGE_STANDARD = "gnu++14";
				CLANG_CXX_LIBRARY = "libc++";
				CLANG_ENABLE_MODULES = YES;
				CLANG_ENABLE_OBJC_ARC = YES;
				CLANG_WARN_BLOCK_CAPTURE_AUTORELEASING = YES;
				CLANG_WARN_BOOL_CONVERSION = YES;
				CLANG_WARN_COMMA = YES;
				CLANG_WARN_CONSTANT_CONVERSION = YES;
				CLANG_WARN_DIRECT_OBJC_ISA_USAGE = YES_ERROR;
				CLANG_WARN_DOCUMENTATION_COMMENTS = YES;
				CLANG_WARN_EMPTY_BODY = YES;
				CLANG_WARN_ENUM_CONVERSION = YES;
				CLANG_WARN_INFINITE_RECURSION = YES;
				CLANG_WARN_INT_CONVERSION = YES;
				CLANG_WARN_NON_LITERAL_NULL_CONVERSION = YES;
				CLANG_WARN_OBJC_LITERAL_CONVERSION = YES;
				CLANG_WARN_OBJC_ROOT_CLASS = YES_ERROR;
				CLANG_WARN_RANGE_LOOP_ANALYSIS = YES;
				CLANG_WARN_STRICT_PROTOTYPES = YES;
				CLANG_WARN_SUSPICIOUS_MOVE = YES;
				CLANG_WARN_UNGUARDED_AVAILABILITY = YES_AGGRESSIVE;
				CLANG_WARN_UNREACHABLE_CODE = YES;
				CLANG_WARN__DUPLICATE_METHOD_MATCH = YES;
				CODE_SIGN_IDENTITY = "iPhone Developer";
				COPY_PHASE_STRIP = NO;
				DEBUG_INFORMATION_FORMAT = "dwarf-with-dsym";
				ENABLE_NS_ASSERTIONS = NO;
				ENABLE_STRICT_OBJC_MSGSEND = YES;
				GCC_C_LANGUAGE_STANDARD = gnu11;
				GCC_NO_COMMON_BLOCKS = YES;
				GCC_WARN_64_TO_32_BIT_CONVERSION = YES;
				GCC_WARN_ABOUT_RETURN_TYPE = YES_ERROR;
				GCC_WARN_UNDECLARED_SELECTOR = YES;
				GCC_WARN_UNINITIALIZED_AUTOS = YES_AGGRESSIVE;
				GCC_WARN_UNUSED_FUNCTION = YES;
				GCC_WARN_UNUSED_VARIABLE = YES;
				IPHONEOS_DEPLOYMENT_TARGET = 11.2;
				MTL_ENABLE_DEBUG_INFO = NO;
				SDKROOT = iphoneos;
				SWIFT_OPTIMIZATION_LEVEL = "-Owholemodule";
				VALIDATE_PRODUCT = YES;
			};
			name = Release;
		};
		2260BE812044DCB500C23442 /* Debug */ = {
			isa = XCBuildConfiguration;
			buildSettings = {
				ASSETCATALOG_COMPILER_APPICON_NAME = AppIcon;
				CODE_SIGN_STYLE = Automatic;
				DEVELOPMENT_TEAM = 64ZFR3XB85;
				INFOPLIST_FILE = imageGallery/Info.plist;
				LD_RUNPATH_SEARCH_PATHS = "$(inherited) @executable_path/Frameworks";
				PRODUCT_BUNDLE_IDENTIFIER = SamHenry.imageGallery;
				PRODUCT_NAME = "$(TARGET_NAME)";
				SWIFT_VERSION = 4.0;
				TARGETED_DEVICE_FAMILY = "1,2";
			};
			name = Debug;
		};
		2260BE822044DCB500C23442 /* Release */ = {
			isa = XCBuildConfiguration;
			buildSettings = {
				ASSETCATALOG_COMPILER_APPICON_NAME = AppIcon;
				CODE_SIGN_STYLE = Automatic;
				DEVELOPMENT_TEAM = 64ZFR3XB85;
				INFOPLIST_FILE = imageGallery/Info.plist;
				LD_RUNPATH_SEARCH_PATHS = "$(inherited) @executable_path/Frameworks";
				PRODUCT_BUNDLE_IDENTIFIER = SamHenry.imageGallery;
				PRODUCT_NAME = "$(TARGET_NAME)";
				SWIFT_VERSION = 4.0;
				TARGETED_DEVICE_FAMILY = "1,2";
			};
			name = Release;
		};
/* End XCBuildConfiguration section */

/* Begin XCConfigurationList section */
		2260BE692044DCB500C23442 /* Build configuration list for PBXProject "imageGallery" */ = {
			isa = XCConfigurationList;
			buildConfigurations = (
				2260BE7E2044DCB500C23442 /* Debug */,
				2260BE7F2044DCB500C23442 /* Release */,
			);
			defaultConfigurationIsVisible = 0;
			defaultConfigurationName = Release;
		};
		2260BE802044DCB500C23442 /* Build configuration list for PBXNativeTarget "imageGallery" */ = {
			isa = XCConfigurationList;
			buildConfigurations = (
				2260BE812044DCB500C23442 /* Debug */,
				2260BE822044DCB500C23442 /* Release */,
			);
			defaultConfigurationIsVisible = 0;
			defaultConfigurationName = Release;
		};
/* End XCConfigurationList section */
	};
	rootObject = 2260BE662044DCB500C23442 /* Project object */;
}
